
Microsoft Visual Studio Solution File, Format Version 12.00
# Visual Studio 15
VisualStudioVersion = 15.0.26430.12
MinimumVisualStudioVersion = 10.0.40219.1
Project("{FAE04EC0-301F-11D3-BF4B-00C04F79EFBC}") = "BitsoDotNet", "BitsoDotNet\BitsoDotNet.csproj", "{C32E793C-9ACC-48C3-A698-D0C6C3BF4DC5}"
EndProject
Project("{FAE04EC0-301F-11D3-BF4B-00C04F79EFBC}") = "BitsoDotNet.TestClient", "BitsoDotNet.TestClient\BitsoDotNet.TestClient.csproj", "{48DB7F32-4A58-4144-8979-8FF498A8EF81}"
EndProject
Global
	GlobalSection(SolutionConfigurationPlatforms) = preSolution
		Debug|Any CPU = Debug|Any CPU
		Release|Any CPU = Release|Any CPU
	EndGlobalSection
	GlobalSection(ProjectConfigurationPlatforms) = postSolution
		{C32E793C-9ACC-48C3-A698-D0C6C3BF4DC5}.Debug|Any CPU.ActiveCfg = Debug|Any CPU
		{C32E793C-9ACC-48C3-A698-D0C6C3BF4DC5}.Debug|Any CPU.Build.0 = Debug|Any CPU
		{C32E793C-9ACC-48C3-A698-D0C6C3BF4DC5}.Release|Any CPU.ActiveCfg = Release|Any CPU
		{C32E793C-9ACC-48C3-A698-D0C6C3BF4DC5}.Release|Any CPU.Build.0 = Release|Any CPU
		{48DB7F32-4A58-4144-8979-8FF498A8EF81}.Debug|Any CPU.ActiveCfg = Debug|Any CPU
		{48DB7F32-4A58-4144-8979-8FF498A8EF81}.Debug|Any CPU.Build.0 = Debug|Any CPU
		{48DB7F32-4A58-4144-8979-8FF498A8EF81}.Release|Any CPU.ActiveCfg = Release|Any CPU
		{48DB7F32-4A58-4144-8979-8FF498A8EF81}.Release|Any CPU.Build.0 = Release|Any CPU
	EndGlobalSection
	GlobalSection(SolutionProperties) = preSolution
		HideSolutionNode = FALSE
	EndGlobalSection
EndGlobal
